
Microsoft Visual Studio Solution File, Format Version 12.00
# Visual Studio Version 16
VisualStudioVersion = 16.0.32002.261
MinimumVisualStudioVersion = 10.0.40219.1
Project("{FAE04EC0-301F-11D3-BF4B-00C04F79EFBC}") = "NewProject", "NewProject\NewProject.csproj", "{D34E658C-1785-46A5-802A-469CA371AF68}"
EndProject
Global
	GlobalSection(SolutionConfigurationPlatforms) = preSolution
		Debug|Any CPU = Debug|Any CPU
		Release|Any CPU = Release|Any CPU
	EndGlobalSection
	GlobalSection(ProjectConfigurationPlatforms) = postSolution
		{D34E658C-1785-46A5-802A-469CA371AF68}.Debug|Any CPU.ActiveCfg = Debug|Any CPU
		{D34E658C-1785-46A5-802A-469CA371AF68}.Debug|Any CPU.Build.0 = Debug|Any CPU
		{D34E658C-1785-46A5-802A-469CA371AF68}.Release|Any CPU.ActiveCfg = Release|Any CPU
		{D34E658C-1785-46A5-802A-469CA371AF68}.Release|Any CPU.Build.0 = Release|Any CPU
	EndGlobalSection
	GlobalSection(SolutionProperties) = preSolution
		HideSolutionNode = FALSE
	EndGlobalSection
	GlobalSection(ExtensibilityGlobals) = postSolution
		SolutionGuid = {E9E91AF7-E11F-44A1-BE9D-530529AFCE48}
	EndGlobalSection
EndGlobal
